// !$*UTF8*$!
{
	archiveVersion = 1;
	classes = {
	};
	objectVersion = 56;
	objects = {

/* Begin PBXBuildFile section */
		2562322A2A3D497600DACCF1 /* AppDelegate.swift in Sources */ = {isa = PBXBuildFile; fileRef = 256232292A3D497600DACCF1 /* AppDelegate.swift */; };
		2562322C2A3D497600DACCF1 /* SceneDelegate.swift in Sources */ = {isa = PBXBuildFile; fileRef = 2562322B2A3D497600DACCF1 /* SceneDelegate.swift */; };
		2562322E2A3D497600DACCF1 /* ViewController.swift in Sources */ = {isa = PBXBuildFile; fileRef = 2562322D2A3D497600DACCF1 /* ViewController.swift */; };
		256232332A3D497600DACCF1 /* Assets.xcassets in Resources */ = {isa = PBXBuildFile; fileRef = 256232322A3D497600DACCF1 /* Assets.xcassets */; };
		256232362A3D497600DACCF1 /* LaunchScreen.storyboard in Resources */ = {isa = PBXBuildFile; fileRef = 256232342A3D497600DACCF1 /* LaunchScreen.storyboard */; };
		2562323F2A3E26DD00DACCF1 /* FLEX in Frameworks */ = {isa = PBXBuildFile; productRef = 2562323E2A3E26DD00DACCF1 /* FLEX */; };
		256232412A3E79FB00DACCF1 /* Networker.swift in Sources */ = {isa = PBXBuildFile; fileRef = 256232402A3E79FB00DACCF1 /* Networker.swift */; };
		256232442A3E7A2D00DACCF1 /* Alamofire in Frameworks */ = {isa = PBXBuildFile; productRef = 256232432A3E7A2D00DACCF1 /* Alamofire */; };
		256232472A3E866000DACCF1 /* test_audio.mp3 in Resources */ = {isa = PBXBuildFile; fileRef = 256232462A3E866000DACCF1 /* test_audio.mp3 */; };
/* End PBXBuildFile section */

/* Begin PBXFileReference section */
		256232262A3D497600DACCF1 /* BedtimeStories.app */ = {isa = PBXFileReference; explicitFileType = wrapper.application; includeInIndex = 0; path = BedtimeStories.app; sourceTree = BUILT_PRODUCTS_DIR; };
		256232292A3D497600DACCF1 /* AppDelegate.swift */ = {isa = PBXFileReference; lastKnownFileType = sourcecode.swift; path = AppDelegate.swift; sourceTree = "<group>"; };
		2562322B2A3D497600DACCF1 /* SceneDelegate.swift */ = {isa = PBXFileReference; lastKnownFileType = sourcecode.swift; path = SceneDelegate.swift; sourceTree = "<group>"; };
		2562322D2A3D497600DACCF1 /* ViewController.swift */ = {isa = PBXFileReference; lastKnownFileType = sourcecode.swift; path = ViewController.swift; sourceTree = "<group>"; };
		256232322A3D497600DACCF1 /* Assets.xcassets */ = {isa = PBXFileReference; lastKnownFileType = folder.assetcatalog; path = Assets.xcassets; sourceTree = "<group>"; };
		256232352A3D497600DACCF1 /* Base */ = {isa = PBXFileReference; lastKnownFileType = file.storyboard; name = Base; path = Base.lproj/LaunchScreen.storyboard; sourceTree = "<group>"; };
		256232372A3D497600DACCF1 /* Info.plist */ = {isa = PBXFileReference; lastKnownFileType = text.plist.xml; path = Info.plist; sourceTree = "<group>"; };
		256232402A3E79FB00DACCF1 /* Networker.swift */ = {isa = PBXFileReference; lastKnownFileType = sourcecode.swift; path = Networker.swift; sourceTree = "<group>"; };
		256232462A3E866000DACCF1 /* test_audio.mp3 */ = {isa = PBXFileReference; lastKnownFileType = audio.mp3; path = test_audio.mp3; sourceTree = "<group>"; };
/* End PBXFileReference section */

/* Begin PBXFrameworksBuildPhase section */
		256232232A3D497600DACCF1 /* Frameworks */ = {
			isa = PBXFrameworksBuildPhase;
			buildActionMask = 2147483647;
			files = (
				2562323F2A3E26DD00DACCF1 /* FLEX in Frameworks */,
				256232442A3E7A2D00DACCF1 /* Alamofire in Frameworks */,
			);
			runOnlyForDeploymentPostprocessing = 0;
		};
/* End PBXFrameworksBuildPhase section */

/* Begin PBXGroup section */
		2562321D2A3D497500DACCF1 = {
			isa = PBXGroup;
			children = (
				256232282A3D497600DACCF1 /* BedtimeStories */,
				256232272A3D497600DACCF1 /* Products */,
			);
			sourceTree = "<group>";
		};
		256232272A3D497600DACCF1 /* Products */ = {
			isa = PBXGroup;
			children = (
				256232262A3D497600DACCF1 /* BedtimeStories.app */,
			);
			name = Products;
			sourceTree = "<group>";
		};
		256232282A3D497600DACCF1 /* BedtimeStories */ = {
			isa = PBXGroup;
			children = (
				256232462A3E866000DACCF1 /* test_audio.mp3 */,
				256232292A3D497600DACCF1 /* AppDelegate.swift */,
				2562322B2A3D497600DACCF1 /* SceneDelegate.swift */,
				2562322D2A3D497600DACCF1 /* ViewController.swift */,
				256232402A3E79FB00DACCF1 /* Networker.swift */,
				256232322A3D497600DACCF1 /* Assets.xcassets */,
				256232342A3D497600DACCF1 /* LaunchScreen.storyboard */,
				256232372A3D497600DACCF1 /* Info.plist */,
			);
			path = BedtimeStories;
			sourceTree = "<group>";
		};
/* End PBXGroup section */

/* Begin PBXNativeTarget section */
		256232252A3D497600DACCF1 /* BedtimeStories */ = {
			isa = PBXNativeTarget;
			buildConfigurationList = 2562323A2A3D497600DACCF1 /* Build configuration list for PBXNativeTarget "BedtimeStories" */;
			buildPhases = (
				256232222A3D497600DACCF1 /* Sources */,
				256232232A3D497600DACCF1 /* Frameworks */,
				256232242A3D497600DACCF1 /* Resources */,
			);
			buildRules = (
			);
			dependencies = (
			);
			name = BedtimeStories;
			packageProductDependencies = (
				2562323E2A3E26DD00DACCF1 /* FLEX */,
				256232432A3E7A2D00DACCF1 /* Alamofire */,
			);
			productName = BedtimeStories;
			productReference = 256232262A3D497600DACCF1 /* BedtimeStories.app */;
			productType = "com.apple.product-type.application";
		};
/* End PBXNativeTarget section */

/* Begin PBXProject section */
		2562321E2A3D497500DACCF1 /* Project object */ = {
			isa = PBXProject;
			attributes = {
				BuildIndependentTargetsInParallel = 1;
				LastSwiftUpdateCheck = 1430;
				LastUpgradeCheck = 1430;
				TargetAttributes = {
					256232252A3D497600DACCF1 = {
						CreatedOnToolsVersion = 14.3.1;
					};
				};
			};
			buildConfigurationList = 256232212A3D497500DACCF1 /* Build configuration list for PBXProject "BedtimeStories" */;
			compatibilityVersion = "Xcode 14.0";
			developmentRegion = en;
			hasScannedForEncodings = 0;
			knownRegions = (
				en,
				Base,
			);
			mainGroup = 2562321D2A3D497500DACCF1;
			packageReferences = (
				2562323D2A3E26DD00DACCF1 /* XCRemoteSwiftPackageReference "FLEX" */,
				256232422A3E7A2D00DACCF1 /* XCRemoteSwiftPackageReference "Alamofire" */,
			);
			productRefGroup = 256232272A3D497600DACCF1 /* Products */;
			projectDirPath = "";
			projectRoot = "";
			targets = (
				256232252A3D497600DACCF1 /* BedtimeStories */,
			);
		};
/* End PBXProject section */

/* Begin PBXResourcesBuildPhase section */
		256232242A3D497600DACCF1 /* Resources */ = {
			isa = PBXResourcesBuildPhase;
			buildActionMask = 2147483647;
			files = (
				256232472A3E866000DACCF1 /* test_audio.mp3 in Resources */,
				256232362A3D497600DACCF1 /* LaunchScreen.storyboard in Resources */,
				256232332A3D497600DACCF1 /* Assets.xcassets in Resources */,
			);
			runOnlyForDeploymentPostprocessing = 0;
		};
/* End PBXResourcesBuildPhase section */

/* Begin PBXSourcesBuildPhase section */
		256232222A3D497600DACCF1 /* Sources */ = {
			isa = PBXSourcesBuildPhase;
			buildActionMask = 2147483647;
			files = (
				2562322E2A3D497600DACCF1 /* ViewController.swift in Sources */,
				2562322A2A3D497600DACCF1 /* AppDelegate.swift in Sources */,
				2562322C2A3D497600DACCF1 /* SceneDelegate.swift in Sources */,
				256232412A3E79FB00DACCF1 /* Networker.swift in Sources */,
			);
			runOnlyForDeploymentPostprocessing = 0;
		};
/* End PBXSourcesBuildPhase section */

/* Begin PBXVariantGroup section */
		256232342A3D497600DACCF1 /* LaunchScreen.storyboard */ = {
			isa = PBXVariantGroup;
			children = (
				256232352A3D497600DACCF1 /* Base */,
			);
			name = LaunchScreen.storyboard;
			sourceTree = "<group>";
		};
/* End PBXVariantGroup section */

/* Begin XCBuildConfiguration section */
		256232382A3D497600DACCF1 /* Debug */ = {
			isa = XCBuildConfiguration;
			buildSettings = {
				ALWAYS_SEARCH_USER_PATHS = NO;
				CLANG_ANALYZER_NONNULL = YES;
				CLANG_ANALYZER_NUMBER_OBJECT_CONVERSION = YES_AGGRESSIVE;
				CLANG_CXX_LANGUAGE_STANDARD = "gnu++20";
				CLANG_ENABLE_MODULES = YES;
				CLANG_ENABLE_OBJC_ARC = YES;
				CLANG_ENABLE_OBJC_WEAK = YES;
				CLANG_WARN_BLOCK_CAPTURE_AUTORELEASING = YES;
				CLANG_WARN_BOOL_CONVERSION = YES;
				CLANG_WARN_COMMA = YES;
				CLANG_WARN_CONSTANT_CONVERSION = YES;
				CLANG_WARN_DEPRECATED_OBJC_IMPLEMENTATIONS = YES;
				CLANG_WARN_DIRECT_OBJC_ISA_USAGE = YES_ERROR;
				CLANG_WARN_DOCUMENTATION_COMMENTS = YES;
				CLANG_WARN_EMPTY_BODY = YES;
				CLANG_WARN_ENUM_CONVERSION = YES;
				CLANG_WARN_INFINITE_RECURSION = YES;
				CLANG_WARN_INT_CONVERSION = YES;
				CLANG_WARN_NON_LITERAL_NULL_CONVERSION = YES;
				CLANG_WARN_OBJC_IMPLICIT_RETAIN_SELF = YES;
				CLANG_WARN_OBJC_LITERAL_CONVERSION = YES;
				CLANG_WARN_OBJC_ROOT_CLASS = YES_ERROR;
				CLANG_WARN_QUOTED_INCLUDE_IN_FRAMEWORK_HEADER = YES;
				CLANG_WARN_RANGE_LOOP_ANALYSIS = YES;
				CLANG_WARN_STRICT_PROTOTYPES = YES;
				CLANG_WARN_SUSPICIOUS_MOVE = YES;
				CLANG_WARN_UNGUARDED_AVAILABILITY = YES_AGGRESSIVE;
				CLANG_WARN_UNREACHABLE_CODE = YES;
				CLANG_WARN__DUPLICATE_METHOD_MATCH = YES;
				COPY_PHASE_STRIP = NO;
				DEBUG_INFORMATION_FORMAT = dwarf;
				ENABLE_STRICT_OBJC_MSGSEND = YES;
				ENABLE_TESTABILITY = YES;
				GCC_C_LANGUAGE_STANDARD = gnu11;
				GCC_DYNAMIC_NO_PIC = NO;
				GCC_NO_COMMON_BLOCKS = YES;
				GCC_OPTIMIZATION_LEVEL = 0;
				GCC_PREPROCESSOR_DEFINITIONS = (
					"DEBUG=1",
					"$(inherited)",
				);
				GCC_WARN_64_TO_32_BIT_CONVERSION = YES;
				GCC_WARN_ABOUT_RETURN_TYPE = YES_ERROR;
				GCC_WARN_UNDECLARED_SELECTOR = YES;
				GCC_WARN_UNINITIALIZED_AUTOS = YES_AGGRESSIVE;
				GCC_WARN_UNUSED_FUNCTION = YES;
				GCC_WARN_UNUSED_VARIABLE = YES;
				INFOPLIST_KEY_UIMainStoryboardFile = "";
				IPHONEOS_DEPLOYMENT_TARGET = 16.4;
				MTL_ENABLE_DEBUG_INFO = INCLUDE_SOURCE;
				MTL_FAST_MATH = YES;
				ONLY_ACTIVE_ARCH = YES;
				SDKROOT = iphoneos;
				SWIFT_ACTIVE_COMPILATION_CONDITIONS = DEBUG;
				SWIFT_OPTIMIZATION_LEVEL = "-Onone";
			};
			name = Debug;
		};
		256232392A3D497600DACCF1 /* Release */ = {
			isa = XCBuildConfiguration;
			buildSettings = {
				ALWAYS_SEARCH_USER_PATHS = NO;
				CLANG_ANALYZER_NONNULL = YES;
				CLANG_ANALYZER_NUMBER_OBJECT_CONVERSION = YES_AGGRESSIVE;
				CLANG_CXX_LANGUAGE_STANDARD = "gnu++20";
				CLANG_ENABLE_MODULES = YES;
				CLANG_ENABLE_OBJC_ARC = YES;
				CLANG_ENABLE_OBJC_WEAK = YES;
				CLANG_WARN_BLOCK_CAPTURE_AUTORELEASING = YES;
				CLANG_WARN_BOOL_CONVERSION = YES;
				CLANG_WARN_COMMA = YES;
				CLANG_WARN_CONSTANT_CONVERSION = YES;
				CLANG_WARN_DEPRECATED_OBJC_IMPLEMENTATIONS = YES;
				CLANG_WARN_DIRECT_OBJC_ISA_USAGE = YES_ERROR;
				CLANG_WARN_DOCUMENTATION_COMMENTS = YES;
				CLANG_WARN_EMPTY_BODY = YES;
				CLANG_WARN_ENUM_CONVERSION = YES;
				CLANG_WARN_INFINITE_RECURSION = YES;
				CLANG_WARN_INT_CONVERSION = YES;
				CLANG_WARN_NON_LITERAL_NULL_CONVERSION = YES;
				CLANG_WARN_OBJC_IMPLICIT_RETAIN_SELF = YES;
				CLANG_WARN_OBJC_LITERAL_CONVERSION = YES;
				CLANG_WARN_OBJC_ROOT_CLASS = YES_ERROR;
				CLANG_WARN_QUOTED_INCLUDE_IN_FRAMEWORK_HEADER = YES;
				CLANG_WARN_RANGE_LOOP_ANALYSIS = YES;
				CLANG_WARN_STRICT_PROTOTYPES = YES;
				CLANG_WARN_SUSPICIOUS_MOVE = YES;
				CLANG_WARN_UNGUARDED_AVAILABILITY = YES_AGGRESSIVE;
				CLANG_WARN_UNREACHABLE_CODE = YES;
				CLANG_WARN__DUPLICATE_METHOD_MATCH = YES;
				COPY_PHASE_STRIP = NO;
				DEBUG_INFORMATION_FORMAT = "dwarf-with-dsym";
				ENABLE_NS_ASSERTIONS = NO;
				ENABLE_STRICT_OBJC_MSGSEND = YES;
				GCC_C_LANGUAGE_STANDARD = gnu11;
				GCC_NO_COMMON_BLOCKS = YES;
				GCC_WARN_64_TO_32_BIT_CONVERSION = YES;
				GCC_WARN_ABOUT_RETURN_TYPE = YES_ERROR;
				GCC_WARN_UNDECLARED_SELECTOR = YES;
				GCC_WARN_UNINITIALIZED_AUTOS = YES_AGGRESSIVE;
				GCC_WARN_UNUSED_FUNCTION = YES;
				GCC_WARN_UNUSED_VARIABLE = YES;
				INFOPLIST_KEY_UIMainStoryboardFile = "";
				IPHONEOS_DEPLOYMENT_TARGET = 16.4;
				MTL_ENABLE_DEBUG_INFO = NO;
				MTL_FAST_MATH = YES;
				SDKROOT = iphoneos;
				SWIFT_COMPILATION_MODE = wholemodule;
				SWIFT_OPTIMIZATION_LEVEL = "-O";
				VALIDATE_PRODUCT = YES;
			};
			name = Release;
		};
		2562323B2A3D497600DACCF1 /* Debug */ = {
			isa = XCBuildConfiguration;
			buildSettings = {
				ASSETCATALOG_COMPILER_APPICON_NAME = AppIcon;
				ASSETCATALOG_COMPILER_GLOBAL_ACCENT_COLOR_NAME = AccentColor;
				CODE_SIGN_STYLE = Automatic;
				CURRENT_PROJECT_VERSION = 1;
				DEVELOPMENT_TEAM = 4EVHA4CF95;
				GENERATE_INFOPLIST_FILE = YES;
				INFOPLIST_FILE = BedtimeStories/Info.plist;
				INFOPLIST_KEY_UIApplicationSupportsIndirectInputEvents = YES;
				INFOPLIST_KEY_UILaunchStoryboardName = LaunchScreen;
				INFOPLIST_KEY_UISupportedInterfaceOrientations_iPad = "UIInterfaceOrientationPortrait UIInterfaceOrientationPortraitUpsideDown UIInterfaceOrientationLandscapeLeft UIInterfaceOrientationLandscapeRight";
				INFOPLIST_KEY_UISupportedInterfaceOrientations_iPhone = "UIInterfaceOrientationPortrait UIInterfaceOrientationLandscapeLeft UIInterfaceOrientationLandscapeRight";
				LD_RUNPATH_SEARCH_PATHS = (
					"$(inherited)",
					"@executable_path/Frameworks",
				);
				MARKETING_VERSION = 1.0;
				PRODUCT_BUNDLE_IDENTIFIER = bao.BedtimeStories;
				PRODUCT_NAME = "$(TARGET_NAME)";
				SWIFT_EMIT_LOC_STRINGS = YES;
				SWIFT_VERSION = 5.0;
				TARGETED_DEVICE_FAMILY = "1,2";
			};
			name = Debug;
		};
		2562323C2A3D497600DACCF1 /* Release */ = {
			isa = XCBuildConfiguration;
			buildSettings = {
				ASSETCATALOG_COMPILER_APPICON_NAME = AppIcon;
				ASSETCATALOG_COMPILER_GLOBAL_ACCENT_COLOR_NAME = AccentColor;
				CODE_SIGN_STYLE = Automatic;
				CURRENT_PROJECT_VERSION = 1;
				DEVELOPMENT_TEAM = 4EVHA4CF95;
				GENERATE_INFOPLIST_FILE = YES;
				INFOPLIST_FILE = BedtimeStories/Info.plist;
				INFOPLIST_KEY_UIApplicationSupportsIndirectInputEvents = YES;
				INFOPLIST_KEY_UILaunchStoryboardName = LaunchScreen;
				INFOPLIST_KEY_UISupportedInterfaceOrientations_iPad = "UIInterfaceOrientationPortrait UIInterfaceOrientationPortraitUpsideDown UIInterfaceOrientationLandscapeLeft UIInterfaceOrientationLandscapeRight";
				INFOPLIST_KEY_UISupportedInterfaceOrientations_iPhone = "UIInterfaceOrientationPortrait UIInterfaceOrientationLandscapeLeft UIInterfaceOrientationLandscapeRight";
				LD_RUNPATH_SEARCH_PATHS = (
					"$(inherited)",
					"@executable_path/Frameworks",
				);
				MARKETING_VERSION = 1.0;
				PRODUCT_BUNDLE_IDENTIFIER = bao.BedtimeStories;
				PRODUCT_NAME = "$(TARGET_NAME)";
				SWIFT_EMIT_LOC_STRINGS = YES;
				SWIFT_VERSION = 5.0;
				TARGETED_DEVICE_FAMILY = "1,2";
			};
			name = Release;
		};
/* End XCBuildConfiguration section */

/* Begin XCConfigurationList section */
		256232212A3D497500DACCF1 /* Build configuration list for PBXProject "BedtimeStories" */ = {
			isa = XCConfigurationList;
			buildConfigurations = (
				256232382A3D497600DACCF1 /* Debug */,
				256232392A3D497600DACCF1 /* Release */,
			);
			defaultConfigurationIsVisible = 0;
			defaultConfigurationName = Release;
		};
		2562323A2A3D497600DACCF1 /* Build configuration list for PBXNativeTarget "BedtimeStories" */ = {
			isa = XCConfigurationList;
			buildConfigurations = (
				2562323B2A3D497600DACCF1 /* Debug */,
				2562323C2A3D497600DACCF1 /* Release */,
			);
			defaultConfigurationIsVisible = 0;
			defaultConfigurationName = Release;
		};
/* End XCConfigurationList section */

/* Begin XCRemoteSwiftPackageReference section */
		2562323D2A3E26DD00DACCF1 /* XCRemoteSwiftPackageReference "FLEX" */ = {
			isa = XCRemoteSwiftPackageReference;
			repositoryURL = "https://github.com/FLEXTool/FLEX.git";
			requirement = {
				kind = upToNextMajorVersion;
				minimumVersion = 5.0.0;
			};
		};
		256232422A3E7A2D00DACCF1 /* XCRemoteSwiftPackageReference "Alamofire" */ = {
			isa = XCRemoteSwiftPackageReference;
			repositoryURL = "https://github.com/Alamofire/Alamofire.git";
			requirement = {
				kind = upToNextMajorVersion;
				minimumVersion = 5.0.0;
			};
		};
/* End XCRemoteSwiftPackageReference section */

/* Begin XCSwiftPackageProductDependency section */
		2562323E2A3E26DD00DACCF1 /* FLEX */ = {
			isa = XCSwiftPackageProductDependency;
			package = 2562323D2A3E26DD00DACCF1 /* XCRemoteSwiftPackageReference "FLEX" */;
			productName = FLEX;
		};
		256232432A3E7A2D00DACCF1 /* Alamofire */ = {
			isa = XCSwiftPackageProductDependency;
			package = 256232422A3E7A2D00DACCF1 /* XCRemoteSwiftPackageReference "Alamofire" */;
			productName = Alamofire;
		};
/* End XCSwiftPackageProductDependency section */
	};
	rootObject = 2562321E2A3D497500DACCF1 /* Project object */;
}
